
Microsoft Visual Studio Solution File, Format Version 12.00
# Visual Studio Version 17
VisualStudioVersion = 17.14.36221.1 d17.14
MinimumVisualStudioVersion = 10.0.40219.1
Project("{FAE04EC0-301F-11D3-BF4B-00C04F79EFBC}") = "TaskManagementWeb", "TaskManagementApp\TaskManagementWeb.csproj", "{428D557A-2F96-49E8-85A3-F70EF46EB504}"
EndProject
Project("{FAE04EC0-301F-11D3-BF4B-00C04F79EFBC}") = "TaskManagementApi", "TaskManagementApi\TaskManagementApi.csproj", "{67BE6749-7C35-4C3B-B539-7A4BC44264BB}"
EndProject
Global
	GlobalSection(SolutionConfigurationPlatforms) = preSolution
		Debug|Any CPU = Debug|Any CPU
		Release|Any CPU = Release|Any CPU
	EndGlobalSection
	GlobalSection(ProjectConfigurationPlatforms) = postSolution
		{428D557A-2F96-49E8-85A3-F70EF46EB504}.Debug|Any CPU.ActiveCfg = Debug|Any CPU
		{428D557A-2F96-49E8-85A3-F70EF46EB504}.Debug|Any CPU.Build.0 = Debug|Any CPU
		{428D557A-2F96-49E8-85A3-F70EF46EB504}.Release|Any CPU.ActiveCfg = Release|Any CPU
		{428D557A-2F96-49E8-85A3-F70EF46EB504}.Release|Any CPU.Build.0 = Release|Any CPU
		{67BE6749-7C35-4C3B-B539-7A4BC44264BB}.Debug|Any CPU.ActiveCfg = Debug|Any CPU
		{67BE6749-7C35-4C3B-B539-7A4BC44264BB}.Debug|Any CPU.Build.0 = Debug|Any CPU
		{67BE6749-7C35-4C3B-B539-7A4BC44264BB}.Release|Any CPU.ActiveCfg = Release|Any CPU
		{67BE6749-7C35-4C3B-B539-7A4BC44264BB}.Release|Any CPU.Build.0 = Release|Any CPU
	EndGlobalSection
	GlobalSection(SolutionProperties) = preSolution
		HideSolutionNode = FALSE
	EndGlobalSection
	GlobalSection(ExtensibilityGlobals) = postSolution
		SolutionGuid = {C7D47206-B753-41F4-B32C-F1A4B8F1DD5C}
	EndGlobalSection
EndGlobal
